
Microsoft Visual Studio Solution File, Format Version 12.00
Project("{FAE04EC0-301F-11D3-BF4B-00C04F79EFBC}") = "Asoode.Backend", "Asoode.Backend\Asoode.Backend.csproj", "{142EC6A6-7334-492D-A370-0A5AEEB6BD6F}"
EndProject
Project("{FAE04EC0-301F-11D3-BF4B-00C04F79EFBC}") = "Asoode.Business", "Asoode.Business\Asoode.Business.csproj", "{52D9F029-78FE-49FA-B78F-C219EA33A62B}"
EndProject
Project("{FAE04EC0-301F-11D3-BF4B-00C04F79EFBC}") = "Asoode.Core", "Asoode.Core\Asoode.Core.csproj", "{C06EF50A-F214-40FC-8810-D79C0A279CD9}"
EndProject
Project("{FAE04EC0-301F-11D3-BF4B-00C04F79EFBC}") = "Asoode.Data", "Asoode.Data\Asoode.Data.csproj", "{195F1B89-5411-4AF4-8A15-9629F008D121}"
EndProject
Project("{FAE04EC0-301F-11D3-BF4B-00C04F79EFBC}") = "Asoode.Background", "Asoode.Background\Asoode.Background.csproj", "{C6B1D942-9E37-449B-884D-B4C3C5BD3449}"
EndProject
Project("{FAE04EC0-301F-11D3-BF4B-00C04F79EFBC}") = "Asoode.Console", "Asoode.Console\Asoode.Console.csproj", "{AD8B562A-419B-4B10-A7D8-967DAC003248}"
EndProject
Project("{2150E333-8FDC-42A3-9474-1A3956D46DE8}") = "Application", "Application", "{D409DE16-E3A5-408A-830D-A68CB7713542}"
EndProject
Project("{2150E333-8FDC-42A3-9474-1A3956D46DE8}") = "Servers", "Servers", "{D9639ED6-AAE0-4575-9FCE-54C0FC583D50}"
EndProject
Project("{2150E333-8FDC-42A3-9474-1A3956D46DE8}") = "_Old", "_Old", "{BB748A50-7748-466B-BF8A-5CBEBD414EA3}"
EndProject
Project("{2150E333-8FDC-42A3-9474-1A3956D46DE8}") = "Application", "Application", "{E7B90760-CC7D-4659-BCCD-33CB5D78A25B}"
EndProject
Project("{2150E333-8FDC-42A3-9474-1A3956D46DE8}") = "Website", "Website", "{EF3F2D46-42F6-409F-B11F-CE64CB0335F4}"
EndProject
Project("{2150E333-8FDC-42A3-9474-1A3956D46DE8}") = "Admin", "Admin", "{479045C4-F4B5-4923-801F-21721BFBD1DC}"
EndProject
Project("{2150E333-8FDC-42A3-9474-1A3956D46DE8}") = "Shared", "Shared", "{17DC8FC6-4665-4431-9190-2071A945EE7D}"
EndProject
Project("{FAE04EC0-301F-11D3-BF4B-00C04F79EFBC}") = "Asoode.Admin.Abstraction", "Asoode.Admin.Abstraction\Asoode.Admin.Abstraction.csproj", "{5C4229A2-662A-40DA-BA21-6923268AA34F}"
EndProject
Project("{FAE04EC0-301F-11D3-BF4B-00C04F79EFBC}") = "Asoode.Admin.Business", "Asoode.Admin.Business\Asoode.Admin.Business.csproj", "{81BA5F02-3129-4FCC-9198-2A457337FB05}"
EndProject
Project("{FAE04EC0-301F-11D3-BF4B-00C04F79EFBC}") = "Asoode.Application.Business", "Asoode.Application.Business\Asoode.Application.Business.csproj", "{5F4F0BF0-7AE6-4540-A52B-D79C00F38DD7}"
EndProject
Project("{FAE04EC0-301F-11D3-BF4B-00C04F79EFBC}") = "Asoode.Application.Abstraction", "Asoode.Application.Abstraction\Asoode.Application.Abstraction.csproj", "{CA4D8180-6761-42BE-925D-9415EFB51529}"
EndProject
Project("{FAE04EC0-301F-11D3-BF4B-00C04F79EFBC}") = "Asoode.Shared.Core", "Asoode.Shared.Core\Asoode.Shared.Core.csproj", "{DA8A106B-0C8B-4AC2-B682-3C61D2B6D22C}"
EndProject
Project("{FAE04EC0-301F-11D3-BF4B-00C04F79EFBC}") = "Asoode.Shared.Database", "Asoode.Shared.Database\Asoode.Shared.Database.csproj", "{C088C2E3-A366-4D5F-83ED-36867710975B}"
EndProject
Project("{FAE04EC0-301F-11D3-BF4B-00C04F79EFBC}") = "Asoode.Website.Abstraction", "Asoode.Website.Abstraction\Asoode.Website.Abstraction.csproj", "{EE726FD4-7F6A-4C36-8EAB-3610FB350BB1}"
EndProject
Project("{FAE04EC0-301F-11D3-BF4B-00C04F79EFBC}") = "Asoode.Website.Business", "Asoode.Website.Business\Asoode.Website.Business.csproj", "{0EFCBCE4-D653-4782-AF0A-D06D52FBE187}"
EndProject
Project("{FAE04EC0-301F-11D3-BF4B-00C04F79EFBC}") = "Asoode.Website.Server", "Asoode.Website.Server\Asoode.Website.Server.csproj", "{E223C001-1BFB-4221-BDC1-7304F1CF61C3}"
EndProject
Project("{FAE04EC0-301F-11D3-BF4B-00C04F79EFBC}") = "Asoode.Application.Server", "Asoode.Application.Server\Asoode.Application.Server.csproj", "{D729D2AF-E618-4EAF-9619-4ED211E87B08}"
EndProject
Project("{FAE04EC0-301F-11D3-BF4B-00C04F79EFBC}") = "Asoode.Admin.Server", "Asoode.Admin.Server\Asoode.Admin.Server.csproj", "{24A9E881-E622-4A70-AB79-90F6605586AD}"
EndProject
Project("{2150E333-8FDC-42A3-9474-1A3956D46DE8}") = "Workers", "Workers", "{CB11B2C9-66BB-4DF3-BD7F-C885B8988133}"
EndProject
Project("{FAE04EC0-301F-11D3-BF4B-00C04F79EFBC}") = "Asoode.Workers.Abstraction", "Asoode.Workers.Abstraction\Asoode.Workers.Abstraction.csproj", "{32E3BD77-D7E5-43F2-B97F-31DB8C4B0426}"
EndProject
Project("{FAE04EC0-301F-11D3-BF4B-00C04F79EFBC}") = "Asoode.Workers.Business", "Asoode.Workers.Business\Asoode.Workers.Business.csproj", "{E380E67D-AFB6-4E39-9C5D-4A2240B7EC3D}"
EndProject
Project("{FAE04EC0-301F-11D3-BF4B-00C04F79EFBC}") = "Asoode.Workers.Background", "Asoode.Workers.Background\Asoode.Workers.Background.csproj", "{C836D3CA-0D3A-4286-B5A3-804CA203AACB}"
EndProject
Project("{FAE04EC0-301F-11D3-BF4B-00C04F79EFBC}") = "Asoode.Shared.Abstraction", "Asoode.Shared.Abstraction\Asoode.Shared.Abstraction.csproj", "{73635BCE-6535-4C4E-9A7E-AB5B70685743}"
EndProject
Project("{2150E333-8FDC-42A3-9474-1A3956D46DE8}") = "__Docker__", "__Docker__", "{324C8F32-1E78-4BAF-8E71-64AE1556A480}"
	ProjectSection(SolutionItems) = preProject
		Dockerfile-Admin = Dockerfile-Admin
		Dockerfile-Application = Dockerfile-Application
		Dockerfile-Website = Dockerfile-Website
		Dockerfile-Workers = Dockerfile-Workers
		compose\environment.sh = compose\environment.sh
		compose\docker-compose.yml = compose\docker-compose.yml
		compose\down.sh = compose\down.sh
		compose\up.sh = compose\up.sh
	EndProjectSection
EndProject
Global
	GlobalSection(SolutionConfigurationPlatforms) = preSolution
		Debug|Any CPU = Debug|Any CPU
		Release|Any CPU = Release|Any CPU
	EndGlobalSection
	GlobalSection(ProjectConfigurationPlatforms) = postSolution
		{142EC6A6-7334-492D-A370-0A5AEEB6BD6F}.Debug|Any CPU.ActiveCfg = Debug|Any CPU
		{142EC6A6-7334-492D-A370-0A5AEEB6BD6F}.Debug|Any CPU.Build.0 = Debug|Any CPU
		{142EC6A6-7334-492D-A370-0A5AEEB6BD6F}.Release|Any CPU.ActiveCfg = Release|Any CPU
		{142EC6A6-7334-492D-A370-0A5AEEB6BD6F}.Release|Any CPU.Build.0 = Release|Any CPU
		{52D9F029-78FE-49FA-B78F-C219EA33A62B}.Debug|Any CPU.ActiveCfg = Debug|Any CPU
		{52D9F029-78FE-49FA-B78F-C219EA33A62B}.Debug|Any CPU.Build.0 = Debug|Any CPU
		{52D9F029-78FE-49FA-B78F-C219EA33A62B}.Release|Any CPU.ActiveCfg = Release|Any CPU
		{52D9F029-78FE-49FA-B78F-C219EA33A62B}.Release|Any CPU.Build.0 = Release|Any CPU
		{C06EF50A-F214-40FC-8810-D79C0A279CD9}.Debug|Any CPU.ActiveCfg = Debug|Any CPU
		{C06EF50A-F214-40FC-8810-D79C0A279CD9}.Debug|Any CPU.Build.0 = Debug|Any CPU
		{C06EF50A-F214-40FC-8810-D79C0A279CD9}.Release|Any CPU.ActiveCfg = Release|Any CPU
		{C06EF50A-F214-40FC-8810-D79C0A279CD9}.Release|Any CPU.Build.0 = Release|Any CPU
		{195F1B89-5411-4AF4-8A15-9629F008D121}.Debug|Any CPU.ActiveCfg = Debug|Any CPU
		{195F1B89-5411-4AF4-8A15-9629F008D121}.Debug|Any CPU.Build.0 = Debug|Any CPU
		{195F1B89-5411-4AF4-8A15-9629F008D121}.Release|Any CPU.ActiveCfg = Release|Any CPU
		{195F1B89-5411-4AF4-8A15-9629F008D121}.Release|Any CPU.Build.0 = Release|Any CPU
		{C6B1D942-9E37-449B-884D-B4C3C5BD3449}.Debug|Any CPU.ActiveCfg = Debug|Any CPU
		{C6B1D942-9E37-449B-884D-B4C3C5BD3449}.Debug|Any CPU.Build.0 = Debug|Any CPU
		{C6B1D942-9E37-449B-884D-B4C3C5BD3449}.Release|Any CPU.ActiveCfg = Release|Any CPU
		{C6B1D942-9E37-449B-884D-B4C3C5BD3449}.Release|Any CPU.Build.0 = Release|Any CPU
		{AD8B562A-419B-4B10-A7D8-967DAC003248}.Debug|Any CPU.ActiveCfg = Debug|Any CPU
		{AD8B562A-419B-4B10-A7D8-967DAC003248}.Debug|Any CPU.Build.0 = Debug|Any CPU
		{AD8B562A-419B-4B10-A7D8-967DAC003248}.Release|Any CPU.ActiveCfg = Release|Any CPU
		{AD8B562A-419B-4B10-A7D8-967DAC003248}.Release|Any CPU.Build.0 = Release|Any CPU
		{5C4229A2-662A-40DA-BA21-6923268AA34F}.Debug|Any CPU.ActiveCfg = Debug|Any CPU
		{5C4229A2-662A-40DA-BA21-6923268AA34F}.Debug|Any CPU.Build.0 = Debug|Any CPU
		{5C4229A2-662A-40DA-BA21-6923268AA34F}.Release|Any CPU.ActiveCfg = Release|Any CPU
		{5C4229A2-662A-40DA-BA21-6923268AA34F}.Release|Any CPU.Build.0 = Release|Any CPU
		{81BA5F02-3129-4FCC-9198-2A457337FB05}.Debug|Any CPU.ActiveCfg = Debug|Any CPU
		{81BA5F02-3129-4FCC-9198-2A457337FB05}.Debug|Any CPU.Build.0 = Debug|Any CPU
		{81BA5F02-3129-4FCC-9198-2A457337FB05}.Release|Any CPU.ActiveCfg = Release|Any CPU
		{81BA5F02-3129-4FCC-9198-2A457337FB05}.Release|Any CPU.Build.0 = Release|Any CPU
		{5F4F0BF0-7AE6-4540-A52B-D79C00F38DD7}.Debug|Any CPU.ActiveCfg = Debug|Any CPU
		{5F4F0BF0-7AE6-4540-A52B-D79C00F38DD7}.Debug|Any CPU.Build.0 = Debug|Any CPU
		{5F4F0BF0-7AE6-4540-A52B-D79C00F38DD7}.Release|Any CPU.ActiveCfg = Release|Any CPU
		{5F4F0BF0-7AE6-4540-A52B-D79C00F38DD7}.Release|Any CPU.Build.0 = Release|Any CPU
		{CA4D8180-6761-42BE-925D-9415EFB51529}.Debug|Any CPU.ActiveCfg = Debug|Any CPU
		{CA4D8180-6761-42BE-925D-9415EFB51529}.Debug|Any CPU.Build.0 = Debug|Any CPU
		{CA4D8180-6761-42BE-925D-9415EFB51529}.Release|Any CPU.ActiveCfg = Release|Any CPU
		{CA4D8180-6761-42BE-925D-9415EFB51529}.Release|Any CPU.Build.0 = Release|Any CPU
		{DA8A106B-0C8B-4AC2-B682-3C61D2B6D22C}.Debug|Any CPU.ActiveCfg = Debug|Any CPU
		{DA8A106B-0C8B-4AC2-B682-3C61D2B6D22C}.Debug|Any CPU.Build.0 = Debug|Any CPU
		{DA8A106B-0C8B-4AC2-B682-3C61D2B6D22C}.Release|Any CPU.ActiveCfg = Release|Any CPU
		{DA8A106B-0C8B-4AC2-B682-3C61D2B6D22C}.Release|Any CPU.Build.0 = Release|Any CPU
		{C088C2E3-A366-4D5F-83ED-36867710975B}.Debug|Any CPU.ActiveCfg = Debug|Any CPU
		{C088C2E3-A366-4D5F-83ED-36867710975B}.Debug|Any CPU.Build.0 = Debug|Any CPU
		{C088C2E3-A366-4D5F-83ED-36867710975B}.Release|Any CPU.ActiveCfg = Release|Any CPU
		{C088C2E3-A366-4D5F-83ED-36867710975B}.Release|Any CPU.Build.0 = Release|Any CPU
		{EE726FD4-7F6A-4C36-8EAB-3610FB350BB1}.Debug|Any CPU.ActiveCfg = Debug|Any CPU
		{EE726FD4-7F6A-4C36-8EAB-3610FB350BB1}.Debug|Any CPU.Build.0 = Debug|Any CPU
		{EE726FD4-7F6A-4C36-8EAB-3610FB350BB1}.Release|Any CPU.ActiveCfg = Release|Any CPU
		{EE726FD4-7F6A-4C36-8EAB-3610FB350BB1}.Release|Any CPU.Build.0 = Release|Any CPU
		{0EFCBCE4-D653-4782-AF0A-D06D52FBE187}.Debug|Any CPU.ActiveCfg = Debug|Any CPU
		{0EFCBCE4-D653-4782-AF0A-D06D52FBE187}.Debug|Any CPU.Build.0 = Debug|Any CPU
		{0EFCBCE4-D653-4782-AF0A-D06D52FBE187}.Release|Any CPU.ActiveCfg = Release|Any CPU
		{0EFCBCE4-D653-4782-AF0A-D06D52FBE187}.Release|Any CPU.Build.0 = Release|Any CPU
		{E223C001-1BFB-4221-BDC1-7304F1CF61C3}.Debug|Any CPU.ActiveCfg = Debug|Any CPU
		{E223C001-1BFB-4221-BDC1-7304F1CF61C3}.Debug|Any CPU.Build.0 = Debug|Any CPU
		{E223C001-1BFB-4221-BDC1-7304F1CF61C3}.Release|Any CPU.ActiveCfg = Release|Any CPU
		{E223C001-1BFB-4221-BDC1-7304F1CF61C3}.Release|Any CPU.Build.0 = Release|Any CPU
		{D729D2AF-E618-4EAF-9619-4ED211E87B08}.Debug|Any CPU.ActiveCfg = Debug|Any CPU
		{D729D2AF-E618-4EAF-9619-4ED211E87B08}.Debug|Any CPU.Build.0 = Debug|Any CPU
		{D729D2AF-E618-4EAF-9619-4ED211E87B08}.Release|Any CPU.ActiveCfg = Release|Any CPU
		{D729D2AF-E618-4EAF-9619-4ED211E87B08}.Release|Any CPU.Build.0 = Release|Any CPU
		{24A9E881-E622-4A70-AB79-90F6605586AD}.Debug|Any CPU.ActiveCfg = Debug|Any CPU
		{24A9E881-E622-4A70-AB79-90F6605586AD}.Debug|Any CPU.Build.0 = Debug|Any CPU
		{24A9E881-E622-4A70-AB79-90F6605586AD}.Release|Any CPU.ActiveCfg = Release|Any CPU
		{24A9E881-E622-4A70-AB79-90F6605586AD}.Release|Any CPU.Build.0 = Release|Any CPU
		{32E3BD77-D7E5-43F2-B97F-31DB8C4B0426}.Debug|Any CPU.ActiveCfg = Debug|Any CPU
		{32E3BD77-D7E5-43F2-B97F-31DB8C4B0426}.Debug|Any CPU.Build.0 = Debug|Any CPU
		{32E3BD77-D7E5-43F2-B97F-31DB8C4B0426}.Release|Any CPU.ActiveCfg = Release|Any CPU
		{32E3BD77-D7E5-43F2-B97F-31DB8C4B0426}.Release|Any CPU.Build.0 = Release|Any CPU
		{E380E67D-AFB6-4E39-9C5D-4A2240B7EC3D}.Debug|Any CPU.ActiveCfg = Debug|Any CPU
		{E380E67D-AFB6-4E39-9C5D-4A2240B7EC3D}.Debug|Any CPU.Build.0 = Debug|Any CPU
		{E380E67D-AFB6-4E39-9C5D-4A2240B7EC3D}.Release|Any CPU.ActiveCfg = Release|Any CPU
		{E380E67D-AFB6-4E39-9C5D-4A2240B7EC3D}.Release|Any CPU.Build.0 = Release|Any CPU
		{C836D3CA-0D3A-4286-B5A3-804CA203AACB}.Debug|Any CPU.ActiveCfg = Debug|Any CPU
		{C836D3CA-0D3A-4286-B5A3-804CA203AACB}.Debug|Any CPU.Build.0 = Debug|Any CPU
		{C836D3CA-0D3A-4286-B5A3-804CA203AACB}.Release|Any CPU.ActiveCfg = Release|Any CPU
		{C836D3CA-0D3A-4286-B5A3-804CA203AACB}.Release|Any CPU.Build.0 = Release|Any CPU
		{73635BCE-6535-4C4E-9A7E-AB5B70685743}.Debug|Any CPU.ActiveCfg = Debug|Any CPU
		{73635BCE-6535-4C4E-9A7E-AB5B70685743}.Debug|Any CPU.Build.0 = Debug|Any CPU
		{73635BCE-6535-4C4E-9A7E-AB5B70685743}.Release|Any CPU.ActiveCfg = Release|Any CPU
		{73635BCE-6535-4C4E-9A7E-AB5B70685743}.Release|Any CPU.Build.0 = Release|Any CPU
	EndGlobalSection
	GlobalSection(NestedProjects) = preSolution
		{52D9F029-78FE-49FA-B78F-C219EA33A62B} = {D409DE16-E3A5-408A-830D-A68CB7713542}
		{C06EF50A-F214-40FC-8810-D79C0A279CD9} = {D409DE16-E3A5-408A-830D-A68CB7713542}
		{195F1B89-5411-4AF4-8A15-9629F008D121} = {D409DE16-E3A5-408A-830D-A68CB7713542}
		{142EC6A6-7334-492D-A370-0A5AEEB6BD6F} = {D9639ED6-AAE0-4575-9FCE-54C0FC583D50}
		{C6B1D942-9E37-449B-884D-B4C3C5BD3449} = {D9639ED6-AAE0-4575-9FCE-54C0FC583D50}
		{AD8B562A-419B-4B10-A7D8-967DAC003248} = {D9639ED6-AAE0-4575-9FCE-54C0FC583D50}
		{D9639ED6-AAE0-4575-9FCE-54C0FC583D50} = {BB748A50-7748-466B-BF8A-5CBEBD414EA3}
		{D409DE16-E3A5-408A-830D-A68CB7713542} = {BB748A50-7748-466B-BF8A-5CBEBD414EA3}
		{5C4229A2-662A-40DA-BA21-6923268AA34F} = {479045C4-F4B5-4923-801F-21721BFBD1DC}
		{81BA5F02-3129-4FCC-9198-2A457337FB05} = {479045C4-F4B5-4923-801F-21721BFBD1DC}
		{5F4F0BF0-7AE6-4540-A52B-D79C00F38DD7} = {E7B90760-CC7D-4659-BCCD-33CB5D78A25B}
		{DA8A106B-0C8B-4AC2-B682-3C61D2B6D22C} = {17DC8FC6-4665-4431-9190-2071A945EE7D}
		{C088C2E3-A366-4D5F-83ED-36867710975B} = {17DC8FC6-4665-4431-9190-2071A945EE7D}
		{EE726FD4-7F6A-4C36-8EAB-3610FB350BB1} = {EF3F2D46-42F6-409F-B11F-CE64CB0335F4}
		{0EFCBCE4-D653-4782-AF0A-D06D52FBE187} = {EF3F2D46-42F6-409F-B11F-CE64CB0335F4}
		{E223C001-1BFB-4221-BDC1-7304F1CF61C3} = {EF3F2D46-42F6-409F-B11F-CE64CB0335F4}
		{D729D2AF-E618-4EAF-9619-4ED211E87B08} = {E7B90760-CC7D-4659-BCCD-33CB5D78A25B}
		{24A9E881-E622-4A70-AB79-90F6605586AD} = {479045C4-F4B5-4923-801F-21721BFBD1DC}
		{32E3BD77-D7E5-43F2-B97F-31DB8C4B0426} = {CB11B2C9-66BB-4DF3-BD7F-C885B8988133}
		{E380E67D-AFB6-4E39-9C5D-4A2240B7EC3D} = {CB11B2C9-66BB-4DF3-BD7F-C885B8988133}
		{C836D3CA-0D3A-4286-B5A3-804CA203AACB} = {CB11B2C9-66BB-4DF3-BD7F-C885B8988133}
		{CA4D8180-6761-42BE-925D-9415EFB51529} = {E7B90760-CC7D-4659-BCCD-33CB5D78A25B}
		{73635BCE-6535-4C4E-9A7E-AB5B70685743} = {17DC8FC6-4665-4431-9190-2071A945EE7D}
	EndGlobalSection
EndGlobal
