
Microsoft Visual Studio Solution File, Format Version 12.00
Project("{FAE04EC0-301F-11D3-BF4B-00C04F79EFBC}") = "Asoode.Backend", "Asoode.Backend\Asoode.Backend.csproj", "{142EC6A6-7334-492D-A370-0A5AEEB6BD6F}"
EndProject
Project("{FAE04EC0-301F-11D3-BF4B-00C04F79EFBC}") = "Asoode.Business", "Asoode.Business\Asoode.Business.csproj", "{52D9F029-78FE-49FA-B78F-C219EA33A62B}"
EndProject
Project("{FAE04EC0-301F-11D3-BF4B-00C04F79EFBC}") = "Asoode.Core", "Asoode.Core\Asoode.Core.csproj", "{C06EF50A-F214-40FC-8810-D79C0A279CD9}"
EndProject
Project("{FAE04EC0-301F-11D3-BF4B-00C04F79EFBC}") = "Asoode.Data", "Asoode.Data\Asoode.Data.csproj", "{195F1B89-5411-4AF4-8A15-9629F008D121}"
EndProject
Project("{FAE04EC0-301F-11D3-BF4B-00C04F79EFBC}") = "Asoode.Background", "Asoode.Background\Asoode.Background.csproj", "{C6B1D942-9E37-449B-884D-B4C3C5BD3449}"
EndProject
Project("{FAE04EC0-301F-11D3-BF4B-00C04F79EFBC}") = "Asoode.Console", "Asoode.Console\Asoode.Console.csproj", "{AD8B562A-419B-4B10-A7D8-967DAC003248}"
EndProject
Project("{2150E333-8FDC-42A3-9474-1A3956D46DE8}") = "Application", "Application", "{D409DE16-E3A5-408A-830D-A68CB7713542}"
EndProject
Project("{2150E333-8FDC-42A3-9474-1A3956D46DE8}") = "Servers", "Servers", "{D9639ED6-AAE0-4575-9FCE-54C0FC583D50}"
EndProject
Global
	GlobalSection(SolutionConfigurationPlatforms) = preSolution
		Debug|Any CPU = Debug|Any CPU
		Release|Any CPU = Release|Any CPU
	EndGlobalSection
	GlobalSection(ProjectConfigurationPlatforms) = postSolution
		{142EC6A6-7334-492D-A370-0A5AEEB6BD6F}.Debug|Any CPU.ActiveCfg = Debug|Any CPU
		{142EC6A6-7334-492D-A370-0A5AEEB6BD6F}.Debug|Any CPU.Build.0 = Debug|Any CPU
		{142EC6A6-7334-492D-A370-0A5AEEB6BD6F}.Release|Any CPU.ActiveCfg = Release|Any CPU
		{142EC6A6-7334-492D-A370-0A5AEEB6BD6F}.Release|Any CPU.Build.0 = Release|Any CPU
		{52D9F029-78FE-49FA-B78F-C219EA33A62B}.Debug|Any CPU.ActiveCfg = Debug|Any CPU
		{52D9F029-78FE-49FA-B78F-C219EA33A62B}.Debug|Any CPU.Build.0 = Debug|Any CPU
		{52D9F029-78FE-49FA-B78F-C219EA33A62B}.Release|Any CPU.ActiveCfg = Release|Any CPU
		{52D9F029-78FE-49FA-B78F-C219EA33A62B}.Release|Any CPU.Build.0 = Release|Any CPU
		{C06EF50A-F214-40FC-8810-D79C0A279CD9}.Debug|Any CPU.ActiveCfg = Debug|Any CPU
		{C06EF50A-F214-40FC-8810-D79C0A279CD9}.Debug|Any CPU.Build.0 = Debug|Any CPU
		{C06EF50A-F214-40FC-8810-D79C0A279CD9}.Release|Any CPU.ActiveCfg = Release|Any CPU
		{C06EF50A-F214-40FC-8810-D79C0A279CD9}.Release|Any CPU.Build.0 = Release|Any CPU
		{195F1B89-5411-4AF4-8A15-9629F008D121}.Debug|Any CPU.ActiveCfg = Debug|Any CPU
		{195F1B89-5411-4AF4-8A15-9629F008D121}.Debug|Any CPU.Build.0 = Debug|Any CPU
		{195F1B89-5411-4AF4-8A15-9629F008D121}.Release|Any CPU.ActiveCfg = Release|Any CPU
		{195F1B89-5411-4AF4-8A15-9629F008D121}.Release|Any CPU.Build.0 = Release|Any CPU
		{C6B1D942-9E37-449B-884D-B4C3C5BD3449}.Debug|Any CPU.ActiveCfg = Debug|Any CPU
		{C6B1D942-9E37-449B-884D-B4C3C5BD3449}.Debug|Any CPU.Build.0 = Debug|Any CPU
		{C6B1D942-9E37-449B-884D-B4C3C5BD3449}.Release|Any CPU.ActiveCfg = Release|Any CPU
		{C6B1D942-9E37-449B-884D-B4C3C5BD3449}.Release|Any CPU.Build.0 = Release|Any CPU
		{AD8B562A-419B-4B10-A7D8-967DAC003248}.Debug|Any CPU.ActiveCfg = Debug|Any CPU
		{AD8B562A-419B-4B10-A7D8-967DAC003248}.Debug|Any CPU.Build.0 = Debug|Any CPU
		{AD8B562A-419B-4B10-A7D8-967DAC003248}.Release|Any CPU.ActiveCfg = Release|Any CPU
		{AD8B562A-419B-4B10-A7D8-967DAC003248}.Release|Any CPU.Build.0 = Release|Any CPU
	EndGlobalSection
	GlobalSection(NestedProjects) = preSolution
		{52D9F029-78FE-49FA-B78F-C219EA33A62B} = {D409DE16-E3A5-408A-830D-A68CB7713542}
		{C06EF50A-F214-40FC-8810-D79C0A279CD9} = {D409DE16-E3A5-408A-830D-A68CB7713542}
		{195F1B89-5411-4AF4-8A15-9629F008D121} = {D409DE16-E3A5-408A-830D-A68CB7713542}
		{142EC6A6-7334-492D-A370-0A5AEEB6BD6F} = {D9639ED6-AAE0-4575-9FCE-54C0FC583D50}
		{C6B1D942-9E37-449B-884D-B4C3C5BD3449} = {D9639ED6-AAE0-4575-9FCE-54C0FC583D50}
		{AD8B562A-419B-4B10-A7D8-967DAC003248} = {D9639ED6-AAE0-4575-9FCE-54C0FC583D50}
	EndGlobalSection
EndGlobal
